lockfileVersion: '9.0'

settings:
  autoInstallPeers: true
  excludeLinksFromLockfile: false

importers:

  .:
    dependencies:
      '@cap.js/server':
        specifier: '>=0.1.0'
        version: 4.0.5
    devDependencies:
      typescript:
        specifier: ^5.0.0
        version: 5.9.3

packages:

  '@cap.js/server@4.0.5':
    resolution: {integrity: sha512-S902YIyGyiriNaexfqTzMy5ixxSb3/jYSJwr2gAY9d7XXoYftcifgij/11pjuiU72Ogm6XKZOggDB2DtjRMyww==}

  typescript@5.9.3:
    resolution: {integrity: sha512-jl1vZzPDinLr9eUt3J/t7V6FgNEw9QjvBPdysz9KfQDD41fQrC2Y4vKQdiaUpFT4bXlb1RHhLpp8wtm6M5TgSw==}
    engines: {node: '>=14.17'}
    hasBin: true

snapshots:

  '@cap.js/server@4.0.5': {}

  typescript@5.9.3: {}
